
Microsoft Visual Studio Solution File, Format Version 12.00
# Visual Studio Version 17
VisualStudioVersion = 17.9.34622.214
MinimumVisualStudioVersion = 10.0.40219.1
Project("{FAE04EC0-301F-11D3-BF4B-00C04F79EFBC}") = "PhamQuocHuy_Template", "PhamQuocHuy_Template\PhamQuocHuy_Template.csproj", "{11D861F8-B428-476E-A70C-4BEE9AB192FE}"
EndProject
Global
	GlobalSection(SolutionConfigurationPlatforms) = preSolution
		Debug|Any CPU = Debug|Any CPU
		Release|Any CPU = Release|Any CPU
	EndGlobalSection
	GlobalSection(ProjectConfigurationPlatforms) = postSolution
		{11D861F8-B428-476E-A70C-4BEE9AB192FE}.Debug|Any CPU.ActiveCfg = Debug|Any CPU
		{11D861F8-B428-476E-A70C-4BEE9AB192FE}.Debug|Any CPU.Build.0 = Debug|Any CPU
		{11D861F8-B428-476E-A70C-4BEE9AB192FE}.Release|Any CPU.ActiveCfg = Release|Any CPU
		{11D861F8-B428-476E-A70C-4BEE9AB192FE}.Release|Any CPU.Build.0 = Release|Any CPU
	EndGlobalSection
	GlobalSection(SolutionProperties) = preSolution
		HideSolutionNode = FALSE
	EndGlobalSection
	GlobalSection(ExtensibilityGlobals) = postSolution
		SolutionGuid = {0A77F3EC-D744-4562-962D-3615137E1EAA}
	EndGlobalSection
EndGlobal
